
Microsoft Visual Studio Solution File, Format Version 12.00
# Visual Studio Express 2012 for Windows Desktop
Project("{8BC9CEB8-8B4A-11D0-8D11-00A0C91BC942}") = "rpi_default", "rpi_default\rpi_default.vcxproj", "{8328F865-1793-4F4B-93B9-56C28B908784}"
EndProject
Project("{8BC9CEB8-8B4A-11D0-8D11-00A0C91BC942}") = "rpi_bitmap", "rpi_bitmap\rpi_bitmap.vcxproj", "{765A70C7-8DEF-4585-8A76-5EE556FBC520}"
EndProject
Project("{8BC9CEB8-8B4A-11D0-8D11-00A0C91BC942}") = "rpi_th11replay", "rpi_th11replay\rpi_th11replay.vcxproj", "{CBBA031E-DAE0-4C59-9F28-132388205394}"
EndProject
Project("{8BC9CEB8-8B4A-11D0-8D11-00A0C91BC942}") = "rpi_th12replay", "rpi_th12replay\rpi_th12replay.vcxproj", "{1743C6D9-33D2-4503-9DF6-238305128E0D}"
EndProject
Global
	GlobalSection(SolutionConfigurationPlatforms) = preSolution
		Debug|Win32 = Debug|Win32
		Release|Win32 = Release|Win32
		Template|Win32 = Template|Win32
	EndGlobalSection
	GlobalSection(ProjectConfigurationPlatforms) = postSolution
		{8328F865-1793-4F4B-93B9-56C28B908784}.Debug|Win32.ActiveCfg = Debug|Win32
		{8328F865-1793-4F4B-93B9-56C28B908784}.Debug|Win32.Build.0 = Debug|Win32
		{8328F865-1793-4F4B-93B9-56C28B908784}.Release|Win32.ActiveCfg = Release|Win32
		{8328F865-1793-4F4B-93B9-56C28B908784}.Release|Win32.Build.0 = Release|Win32
		{8328F865-1793-4F4B-93B9-56C28B908784}.Template|Win32.ActiveCfg = Release|Win32
		{8328F865-1793-4F4B-93B9-56C28B908784}.Template|Win32.Build.0 = Release|Win32
		{765A70C7-8DEF-4585-8A76-5EE556FBC520}.Debug|Win32.ActiveCfg = Debug|Win32
		{765A70C7-8DEF-4585-8A76-5EE556FBC520}.Debug|Win32.Build.0 = Debug|Win32
		{765A70C7-8DEF-4585-8A76-5EE556FBC520}.Release|Win32.ActiveCfg = Release|Win32
		{765A70C7-8DEF-4585-8A76-5EE556FBC520}.Release|Win32.Build.0 = Release|Win32
		{765A70C7-8DEF-4585-8A76-5EE556FBC520}.Template|Win32.ActiveCfg = Template|Win32
		{765A70C7-8DEF-4585-8A76-5EE556FBC520}.Template|Win32.Build.0 = Template|Win32
		{CBBA031E-DAE0-4C59-9F28-132388205394}.Debug|Win32.ActiveCfg = Debug|Win32
		{CBBA031E-DAE0-4C59-9F28-132388205394}.Debug|Win32.Build.0 = Debug|Win32
		{CBBA031E-DAE0-4C59-9F28-132388205394}.Release|Win32.ActiveCfg = Release|Win32
		{CBBA031E-DAE0-4C59-9F28-132388205394}.Release|Win32.Build.0 = Release|Win32
		{CBBA031E-DAE0-4C59-9F28-132388205394}.Template|Win32.ActiveCfg = Release|Win32
		{CBBA031E-DAE0-4C59-9F28-132388205394}.Template|Win32.Build.0 = Release|Win32
		{1743C6D9-33D2-4503-9DF6-238305128E0D}.Debug|Win32.ActiveCfg = Debug|Win32
		{1743C6D9-33D2-4503-9DF6-238305128E0D}.Debug|Win32.Build.0 = Debug|Win32
		{1743C6D9-33D2-4503-9DF6-238305128E0D}.Release|Win32.ActiveCfg = Release|Win32
		{1743C6D9-33D2-4503-9DF6-238305128E0D}.Release|Win32.Build.0 = Release|Win32
		{1743C6D9-33D2-4503-9DF6-238305128E0D}.Template|Win32.ActiveCfg = Release|Win32
		{1743C6D9-33D2-4503-9DF6-238305128E0D}.Template|Win32.Build.0 = Release|Win32
	EndGlobalSection
	GlobalSection(SolutionProperties) = preSolution
		HideSolutionNode = FALSE
	EndGlobalSection
EndGlobal
