
Microsoft Visual Studio Solution File, Format Version 12.00
# Visual Studio Express 2012 for Windows Desktop
Project("{8BC9CEB8-8B4A-11D0-8D11-00A0C91BC942}") = "rpi_default", "rpi_default\rpi_default.vcxproj", "{8328F865-1793-4F4B-93B9-56C28B908784}"
EndProject
Project("{8BC9CEB8-8B4A-11D0-8D11-00A0C91BC942}") = "rpi_bitmap", "rpi_bitmap\rpi_bitmap.vcxproj", "{765A70C7-8DEF-4585-8A76-5EE556FBC520}"
EndProject
Project("{8BC9CEB8-8B4A-11D0-8D11-00A0C91BC942}") = "rpi_th11replay", "rpi_th11replay\rpi_th11replay.vcxproj", "{CBBA031E-DAE0-4C59-9F28-132388205394}"
EndProject
Project("{8BC9CEB8-8B4A-11D0-8D11-00A0C91BC942}") = "rpi_th12replay", "rpi_th12replay\rpi_th12replay.vcxproj", "{1743C6D9-33D2-4503-9DF6-238305128E0D}"
EndProject
Project("{8BC9CEB8-8B4A-11D0-8D11-00A0C91BC942}") = "rpi_th125replay", "rpi_th125replay\rpi_th125replay.vcxproj", "{D944AD0B-E411-4879-A9FE-CA30E0F8229E}"
EndProject
Project("{8BC9CEB8-8B4A-11D0-8D11-00A0C91BC942}") = "rpi_th125bestshot", "rpi_th125bestshot\rpi_th125bestshot.vcxproj", "{4BCE0AE8-21A9-4B3C-9C4F-35055FFE715C}"
EndProject
Project("{8BC9CEB8-8B4A-11D0-8D11-00A0C91BC942}") = "rpi_th095bestshot", "rpi_th095bestshot\rpi_th095bestshot.vcxproj", "{E8C905F0-A216-4ED2-916D-0D42D4065033}"
EndProject
Project("{8BC9CEB8-8B4A-11D0-8D11-00A0C91BC942}") = "rpi_th128replay", "rpi_th128replay\rpi_th128replay.vcxproj", "{355B57A8-FFE5-4F25-B9C3-37A0790044A7}"
EndProject
Project("{8BC9CEB8-8B4A-11D0-8D11-00A0C91BC942}") = "rpi_th13replay", "rpi_th13replay\rpi_th13replay.vcxproj", "{48378456-14C2-437E-9C86-92172A096D64}"
EndProject
Project("{8BC9CEB8-8B4A-11D0-8D11-00A0C91BC942}") = "rpi_th14replay", "rpi_th14replay\rpi_th14replay.vcxproj", "{19D0B3FA-D85D-4268-B675-330805FC55F7}"
EndProject
Project("{8BC9CEB8-8B4A-11D0-8D11-00A0C91BC942}") = "rpi_th143replay", "rpi_th143replay\rpi_th143replay.vcxproj", "{6CC54539-F7BD-4205-9CCA-E75C9B71C82D}"
EndProject
Project("{8BC9CEB8-8B4A-11D0-8D11-00A0C91BC942}") = "rpi_th143screenshot", "rpi_th143screenshot\rpi_th143screenshot.vcxproj", "{6E85365B-82FB-4DD3-8196-9642604EBE53}"
EndProject
Project("{8BC9CEB8-8B4A-11D0-8D11-00A0C91BC942}") = "rpi_th105replay", "rpi_th105replay\rpi_th105replay.vcxproj", "{428211C7-D8D5-4BCD-ABD3-7711BE2AD328}"
EndProject
Project("{8BC9CEB8-8B4A-11D0-8D11-00A0C91BC942}") = "rpi_th123replay", "rpi_th123replay\rpi_th123replay.vcxproj", "{46D12DAD-120B-414B-A7B2-E6E183DBC5EB}"
EndProject
Global
	GlobalSection(SolutionConfigurationPlatforms) = preSolution
		Analysis|Win32 = Analysis|Win32
		Debug|Win32 = Debug|Win32
		Release|Win32 = Release|Win32
	EndGlobalSection
	GlobalSection(ProjectConfigurationPlatforms) = postSolution
		{8328F865-1793-4F4B-93B9-56C28B908784}.Analysis|Win32.ActiveCfg = Analysis|Win32
		{8328F865-1793-4F4B-93B9-56C28B908784}.Analysis|Win32.Build.0 = Analysis|Win32
		{8328F865-1793-4F4B-93B9-56C28B908784}.Debug|Win32.ActiveCfg = Debug|Win32
		{8328F865-1793-4F4B-93B9-56C28B908784}.Debug|Win32.Build.0 = Debug|Win32
		{8328F865-1793-4F4B-93B9-56C28B908784}.Release|Win32.ActiveCfg = Release|Win32
		{8328F865-1793-4F4B-93B9-56C28B908784}.Release|Win32.Build.0 = Release|Win32
		{765A70C7-8DEF-4585-8A76-5EE556FBC520}.Analysis|Win32.ActiveCfg = Analysis|Win32
		{765A70C7-8DEF-4585-8A76-5EE556FBC520}.Analysis|Win32.Build.0 = Analysis|Win32
		{765A70C7-8DEF-4585-8A76-5EE556FBC520}.Debug|Win32.ActiveCfg = Debug|Win32
		{765A70C7-8DEF-4585-8A76-5EE556FBC520}.Debug|Win32.Build.0 = Debug|Win32
		{765A70C7-8DEF-4585-8A76-5EE556FBC520}.Release|Win32.ActiveCfg = Release|Win32
		{765A70C7-8DEF-4585-8A76-5EE556FBC520}.Release|Win32.Build.0 = Release|Win32
		{CBBA031E-DAE0-4C59-9F28-132388205394}.Analysis|Win32.ActiveCfg = Analysis|Win32
		{CBBA031E-DAE0-4C59-9F28-132388205394}.Analysis|Win32.Build.0 = Analysis|Win32
		{CBBA031E-DAE0-4C59-9F28-132388205394}.Debug|Win32.ActiveCfg = Debug|Win32
		{CBBA031E-DAE0-4C59-9F28-132388205394}.Debug|Win32.Build.0 = Debug|Win32
		{CBBA031E-DAE0-4C59-9F28-132388205394}.Release|Win32.ActiveCfg = Release|Win32
		{CBBA031E-DAE0-4C59-9F28-132388205394}.Release|Win32.Build.0 = Release|Win32
		{1743C6D9-33D2-4503-9DF6-238305128E0D}.Analysis|Win32.ActiveCfg = Analysis|Win32
		{1743C6D9-33D2-4503-9DF6-238305128E0D}.Analysis|Win32.Build.0 = Analysis|Win32
		{1743C6D9-33D2-4503-9DF6-238305128E0D}.Debug|Win32.ActiveCfg = Debug|Win32
		{1743C6D9-33D2-4503-9DF6-238305128E0D}.Debug|Win32.Build.0 = Debug|Win32
		{1743C6D9-33D2-4503-9DF6-238305128E0D}.Release|Win32.ActiveCfg = Release|Win32
		{1743C6D9-33D2-4503-9DF6-238305128E0D}.Release|Win32.Build.0 = Release|Win32
		{D944AD0B-E411-4879-A9FE-CA30E0F8229E}.Analysis|Win32.ActiveCfg = Analysis|Win32
		{D944AD0B-E411-4879-A9FE-CA30E0F8229E}.Analysis|Win32.Build.0 = Analysis|Win32
		{D944AD0B-E411-4879-A9FE-CA30E0F8229E}.Debug|Win32.ActiveCfg = Debug|Win32
		{D944AD0B-E411-4879-A9FE-CA30E0F8229E}.Debug|Win32.Build.0 = Debug|Win32
		{D944AD0B-E411-4879-A9FE-CA30E0F8229E}.Release|Win32.ActiveCfg = Release|Win32
		{D944AD0B-E411-4879-A9FE-CA30E0F8229E}.Release|Win32.Build.0 = Release|Win32
		{4BCE0AE8-21A9-4B3C-9C4F-35055FFE715C}.Analysis|Win32.ActiveCfg = Analysis|Win32
		{4BCE0AE8-21A9-4B3C-9C4F-35055FFE715C}.Analysis|Win32.Build.0 = Analysis|Win32
		{4BCE0AE8-21A9-4B3C-9C4F-35055FFE715C}.Debug|Win32.ActiveCfg = Debug|Win32
		{4BCE0AE8-21A9-4B3C-9C4F-35055FFE715C}.Debug|Win32.Build.0 = Debug|Win32
		{4BCE0AE8-21A9-4B3C-9C4F-35055FFE715C}.Release|Win32.ActiveCfg = Release|Win32
		{4BCE0AE8-21A9-4B3C-9C4F-35055FFE715C}.Release|Win32.Build.0 = Release|Win32
		{E8C905F0-A216-4ED2-916D-0D42D4065033}.Analysis|Win32.ActiveCfg = Analysis|Win32
		{E8C905F0-A216-4ED2-916D-0D42D4065033}.Analysis|Win32.Build.0 = Analysis|Win32
		{E8C905F0-A216-4ED2-916D-0D42D4065033}.Debug|Win32.ActiveCfg = Debug|Win32
		{E8C905F0-A216-4ED2-916D-0D42D4065033}.Debug|Win32.Build.0 = Debug|Win32
		{E8C905F0-A216-4ED2-916D-0D42D4065033}.Release|Win32.ActiveCfg = Release|Win32
		{E8C905F0-A216-4ED2-916D-0D42D4065033}.Release|Win32.Build.0 = Release|Win32
		{355B57A8-FFE5-4F25-B9C3-37A0790044A7}.Analysis|Win32.ActiveCfg = Analysis|Win32
		{355B57A8-FFE5-4F25-B9C3-37A0790044A7}.Analysis|Win32.Build.0 = Analysis|Win32
		{355B57A8-FFE5-4F25-B9C3-37A0790044A7}.Debug|Win32.ActiveCfg = Debug|Win32
		{355B57A8-FFE5-4F25-B9C3-37A0790044A7}.Debug|Win32.Build.0 = Debug|Win32
		{355B57A8-FFE5-4F25-B9C3-37A0790044A7}.Release|Win32.ActiveCfg = Release|Win32
		{355B57A8-FFE5-4F25-B9C3-37A0790044A7}.Release|Win32.Build.0 = Release|Win32
		{48378456-14C2-437E-9C86-92172A096D64}.Analysis|Win32.ActiveCfg = Analysis|Win32
		{48378456-14C2-437E-9C86-92172A096D64}.Analysis|Win32.Build.0 = Analysis|Win32
		{48378456-14C2-437E-9C86-92172A096D64}.Debug|Win32.ActiveCfg = Debug|Win32
		{48378456-14C2-437E-9C86-92172A096D64}.Debug|Win32.Build.0 = Debug|Win32
		{48378456-14C2-437E-9C86-92172A096D64}.Release|Win32.ActiveCfg = Release|Win32
		{48378456-14C2-437E-9C86-92172A096D64}.Release|Win32.Build.0 = Release|Win32
		{19D0B3FA-D85D-4268-B675-330805FC55F7}.Analysis|Win32.ActiveCfg = Analysis|Win32
		{19D0B3FA-D85D-4268-B675-330805FC55F7}.Analysis|Win32.Build.0 = Analysis|Win32
		{19D0B3FA-D85D-4268-B675-330805FC55F7}.Debug|Win32.ActiveCfg = Debug|Win32
		{19D0B3FA-D85D-4268-B675-330805FC55F7}.Debug|Win32.Build.0 = Debug|Win32
		{19D0B3FA-D85D-4268-B675-330805FC55F7}.Release|Win32.ActiveCfg = Release|Win32
		{19D0B3FA-D85D-4268-B675-330805FC55F7}.Release|Win32.Build.0 = Release|Win32
		{6CC54539-F7BD-4205-9CCA-E75C9B71C82D}.Analysis|Win32.ActiveCfg = Analysis|Win32
		{6CC54539-F7BD-4205-9CCA-E75C9B71C82D}.Analysis|Win32.Build.0 = Analysis|Win32
		{6CC54539-F7BD-4205-9CCA-E75C9B71C82D}.Debug|Win32.ActiveCfg = Debug|Win32
		{6CC54539-F7BD-4205-9CCA-E75C9B71C82D}.Debug|Win32.Build.0 = Debug|Win32
		{6CC54539-F7BD-4205-9CCA-E75C9B71C82D}.Release|Win32.ActiveCfg = Release|Win32
		{6CC54539-F7BD-4205-9CCA-E75C9B71C82D}.Release|Win32.Build.0 = Release|Win32
		{6E85365B-82FB-4DD3-8196-9642604EBE53}.Analysis|Win32.ActiveCfg = Analysis|Win32
		{6E85365B-82FB-4DD3-8196-9642604EBE53}.Analysis|Win32.Build.0 = Analysis|Win32
		{6E85365B-82FB-4DD3-8196-9642604EBE53}.Debug|Win32.ActiveCfg = Debug|Win32
		{6E85365B-82FB-4DD3-8196-9642604EBE53}.Debug|Win32.Build.0 = Debug|Win32
		{6E85365B-82FB-4DD3-8196-9642604EBE53}.Release|Win32.ActiveCfg = Release|Win32
		{6E85365B-82FB-4DD3-8196-9642604EBE53}.Release|Win32.Build.0 = Release|Win32
		{428211C7-D8D5-4BCD-ABD3-7711BE2AD328}.Analysis|Win32.ActiveCfg = Analysis|Win32
		{428211C7-D8D5-4BCD-ABD3-7711BE2AD328}.Analysis|Win32.Build.0 = Analysis|Win32
		{428211C7-D8D5-4BCD-ABD3-7711BE2AD328}.Debug|Win32.ActiveCfg = Debug|Win32
		{428211C7-D8D5-4BCD-ABD3-7711BE2AD328}.Debug|Win32.Build.0 = Debug|Win32
		{428211C7-D8D5-4BCD-ABD3-7711BE2AD328}.Release|Win32.ActiveCfg = Release|Win32
		{428211C7-D8D5-4BCD-ABD3-7711BE2AD328}.Release|Win32.Build.0 = Release|Win32
		{46D12DAD-120B-414B-A7B2-E6E183DBC5EB}.Analysis|Win32.ActiveCfg = Analysis|Win32
		{46D12DAD-120B-414B-A7B2-E6E183DBC5EB}.Analysis|Win32.Build.0 = Analysis|Win32
		{46D12DAD-120B-414B-A7B2-E6E183DBC5EB}.Debug|Win32.ActiveCfg = Debug|Win32
		{46D12DAD-120B-414B-A7B2-E6E183DBC5EB}.Debug|Win32.Build.0 = Debug|Win32
		{46D12DAD-120B-414B-A7B2-E6E183DBC5EB}.Release|Win32.ActiveCfg = Release|Win32
		{46D12DAD-120B-414B-A7B2-E6E183DBC5EB}.Release|Win32.Build.0 = Release|Win32
	EndGlobalSection
	GlobalSection(SolutionProperties) = preSolution
		HideSolutionNode = FALSE
	EndGlobalSection
EndGlobal
