
Microsoft Visual Studio Solution File, Format Version 12.00
# Visual Studio Express 2012 for Windows Desktop
Project("{8BC9CEB8-8B4A-11D0-8D11-00A0C91BC942}") = "rpi_default", "rpi_default\rpi_default.vcxproj", "{8328F865-1793-4F4B-93B9-56C28B908784}"
EndProject
Project("{8BC9CEB8-8B4A-11D0-8D11-00A0C91BC942}") = "rpi_bitmap", "rpi_bitmap\rpi_bitmap.vcxproj", "{765A70C7-8DEF-4585-8A76-5EE556FBC520}"
EndProject
Project("{8BC9CEB8-8B4A-11D0-8D11-00A0C91BC942}") = "rpi_th11replay", "rpi_th11replay\rpi_th11replay.vcxproj", "{CBBA031E-DAE0-4C59-9F28-132388205394}"
EndProject
Project("{8BC9CEB8-8B4A-11D0-8D11-00A0C91BC942}") = "rpi_th12replay", "rpi_th12replay\rpi_th12replay.vcxproj", "{1743C6D9-33D2-4503-9DF6-238305128E0D}"
EndProject
Project("{8BC9CEB8-8B4A-11D0-8D11-00A0C91BC942}") = "rpi_th125replay", "rpi_th125replay\rpi_th125replay.vcxproj", "{D944AD0B-E411-4879-A9FE-CA30E0F8229E}"
EndProject
Project("{8BC9CEB8-8B4A-11D0-8D11-00A0C91BC942}") = "rpi_th125bestshot", "rpi_th125bestshot\rpi_th125bestshot.vcxproj", "{4BCE0AE8-21A9-4B3C-9C4F-35055FFE715C}"
EndProject
Project("{8BC9CEB8-8B4A-11D0-8D11-00A0C91BC942}") = "rpi_th095bestshot", "rpi_th095bestshot\rpi_th095bestshot.vcxproj", "{E8C905F0-A216-4ED2-916D-0D42D4065033}"
EndProject
Project("{8BC9CEB8-8B4A-11D0-8D11-00A0C91BC942}") = "rpi_th128replay", "rpi_th128replay\rpi_th128replay.vcxproj", "{355B57A8-FFE5-4F25-B9C3-37A0790044A7}"
EndProject
Global
	GlobalSection(SolutionConfigurationPlatforms) = preSolution
		Debug|Win32 = Debug|Win32
		Release|Win32 = Release|Win32
		Template|Win32 = Template|Win32
	EndGlobalSection
	GlobalSection(ProjectConfigurationPlatforms) = postSolution
		{8328F865-1793-4F4B-93B9-56C28B908784}.Debug|Win32.ActiveCfg = Debug|Win32
		{8328F865-1793-4F4B-93B9-56C28B908784}.Debug|Win32.Build.0 = Debug|Win32
		{8328F865-1793-4F4B-93B9-56C28B908784}.Release|Win32.ActiveCfg = Release|Win32
		{8328F865-1793-4F4B-93B9-56C28B908784}.Release|Win32.Build.0 = Release|Win32
		{8328F865-1793-4F4B-93B9-56C28B908784}.Template|Win32.ActiveCfg = Release|Win32
		{8328F865-1793-4F4B-93B9-56C28B908784}.Template|Win32.Build.0 = Release|Win32
		{765A70C7-8DEF-4585-8A76-5EE556FBC520}.Debug|Win32.ActiveCfg = Debug|Win32
		{765A70C7-8DEF-4585-8A76-5EE556FBC520}.Debug|Win32.Build.0 = Debug|Win32
		{765A70C7-8DEF-4585-8A76-5EE556FBC520}.Release|Win32.ActiveCfg = Release|Win32
		{765A70C7-8DEF-4585-8A76-5EE556FBC520}.Release|Win32.Build.0 = Release|Win32
		{765A70C7-8DEF-4585-8A76-5EE556FBC520}.Template|Win32.ActiveCfg = Template|Win32
		{765A70C7-8DEF-4585-8A76-5EE556FBC520}.Template|Win32.Build.0 = Template|Win32
		{CBBA031E-DAE0-4C59-9F28-132388205394}.Debug|Win32.ActiveCfg = Debug|Win32
		{CBBA031E-DAE0-4C59-9F28-132388205394}.Debug|Win32.Build.0 = Debug|Win32
		{CBBA031E-DAE0-4C59-9F28-132388205394}.Release|Win32.ActiveCfg = Release|Win32
		{CBBA031E-DAE0-4C59-9F28-132388205394}.Release|Win32.Build.0 = Release|Win32
		{CBBA031E-DAE0-4C59-9F28-132388205394}.Template|Win32.ActiveCfg = Release|Win32
		{CBBA031E-DAE0-4C59-9F28-132388205394}.Template|Win32.Build.0 = Release|Win32
		{1743C6D9-33D2-4503-9DF6-238305128E0D}.Debug|Win32.ActiveCfg = Debug|Win32
		{1743C6D9-33D2-4503-9DF6-238305128E0D}.Debug|Win32.Build.0 = Debug|Win32
		{1743C6D9-33D2-4503-9DF6-238305128E0D}.Release|Win32.ActiveCfg = Release|Win32
		{1743C6D9-33D2-4503-9DF6-238305128E0D}.Release|Win32.Build.0 = Release|Win32
		{1743C6D9-33D2-4503-9DF6-238305128E0D}.Template|Win32.ActiveCfg = Release|Win32
		{1743C6D9-33D2-4503-9DF6-238305128E0D}.Template|Win32.Build.0 = Release|Win32
		{D944AD0B-E411-4879-A9FE-CA30E0F8229E}.Debug|Win32.ActiveCfg = Debug|Win32
		{D944AD0B-E411-4879-A9FE-CA30E0F8229E}.Debug|Win32.Build.0 = Debug|Win32
		{D944AD0B-E411-4879-A9FE-CA30E0F8229E}.Release|Win32.ActiveCfg = Release|Win32
		{D944AD0B-E411-4879-A9FE-CA30E0F8229E}.Release|Win32.Build.0 = Release|Win32
		{D944AD0B-E411-4879-A9FE-CA30E0F8229E}.Template|Win32.ActiveCfg = Release|Win32
		{D944AD0B-E411-4879-A9FE-CA30E0F8229E}.Template|Win32.Build.0 = Release|Win32
		{4BCE0AE8-21A9-4B3C-9C4F-35055FFE715C}.Debug|Win32.ActiveCfg = Debug|Win32
		{4BCE0AE8-21A9-4B3C-9C4F-35055FFE715C}.Debug|Win32.Build.0 = Debug|Win32
		{4BCE0AE8-21A9-4B3C-9C4F-35055FFE715C}.Release|Win32.ActiveCfg = Release|Win32
		{4BCE0AE8-21A9-4B3C-9C4F-35055FFE715C}.Release|Win32.Build.0 = Release|Win32
		{4BCE0AE8-21A9-4B3C-9C4F-35055FFE715C}.Template|Win32.ActiveCfg = Release|Win32
		{4BCE0AE8-21A9-4B3C-9C4F-35055FFE715C}.Template|Win32.Build.0 = Release|Win32
		{E8C905F0-A216-4ED2-916D-0D42D4065033}.Debug|Win32.ActiveCfg = Debug|Win32
		{E8C905F0-A216-4ED2-916D-0D42D4065033}.Debug|Win32.Build.0 = Debug|Win32
		{E8C905F0-A216-4ED2-916D-0D42D4065033}.Release|Win32.ActiveCfg = Release|Win32
		{E8C905F0-A216-4ED2-916D-0D42D4065033}.Release|Win32.Build.0 = Release|Win32
		{E8C905F0-A216-4ED2-916D-0D42D4065033}.Template|Win32.ActiveCfg = Release|Win32
		{E8C905F0-A216-4ED2-916D-0D42D4065033}.Template|Win32.Build.0 = Release|Win32
		{355B57A8-FFE5-4F25-B9C3-37A0790044A7}.Debug|Win32.ActiveCfg = Debug|Win32
		{355B57A8-FFE5-4F25-B9C3-37A0790044A7}.Debug|Win32.Build.0 = Debug|Win32
		{355B57A8-FFE5-4F25-B9C3-37A0790044A7}.Release|Win32.ActiveCfg = Release|Win32
		{355B57A8-FFE5-4F25-B9C3-37A0790044A7}.Release|Win32.Build.0 = Release|Win32
		{355B57A8-FFE5-4F25-B9C3-37A0790044A7}.Template|Win32.ActiveCfg = Release|Win32
		{355B57A8-FFE5-4F25-B9C3-37A0790044A7}.Template|Win32.Build.0 = Release|Win32
	EndGlobalSection
	GlobalSection(SolutionProperties) = preSolution
		HideSolutionNode = FALSE
	EndGlobalSection
EndGlobal
