<?xml version="1.0" encoding="utf-8"?>
<Project ToolsVersion="4.0" xmlns="http://schemas.microsoft.com/developer/msbuild/2003">
  <ItemGroup>
    <Filter Include="Source Files">
      <UniqueIdentifier>{bb21805c-219f-4cdc-b507-ca32af087f2c}</UniqueIdentifier>
      <Extensions>cpp;c;cxx;rc;def;r;odl;idl;hpj;bat</Extensions>
    </Filter>
    <Filter Include="Header Files">
      <UniqueIdentifier>{769e6754-c228-4d4e-b385-d93003eaf387}</UniqueIdentifier>
      <Extensions>h;hpp;hxx;hm;inl</Extensions>
    </Filter>
    <Filter Include="Resource Files">
      <UniqueIdentifier>{838e3bdd-f8b3-453d-9459-55e622600691}</UniqueIdentifier>
      <Extensions>ico;cur;bmp;dlg;rc2;rct;bin;rgs;gif;jpg;jpeg;jpe</Extensions>
    </Filter>
  </ItemGroup>
  <ItemGroup>
    <ClCompile Include="reimu_plugin.cpp">
      <Filter>Source Files</Filter>
    </ClCompile>
    <ClCompile Include="rpi_default.cpp">
      <Filter>Source Files</Filter>
    </ClCompile>
    <ClCompile Include="sueLib_LE.cpp">
      <Filter>Source Files</Filter>
    </ClCompile>
  </ItemGroup>
  <ItemGroup>
    <ClInclude Include="reimu_plugin.h">
      <Filter>Header Files</Filter>
    </ClInclude>
    <ClInclude Include="rpi_default.h">
      <Filter>Header Files</Filter>
    </ClInclude>
    <ClInclude Include="smart_array.h">
      <Filter>Header Files</Filter>
    </ClInclude>
    <ClInclude Include="sueLib_LE.h">
      <Filter>Header Files</Filter>
    </ClInclude>
  </ItemGroup>
  <ItemGroup>
    <CustomBuild Include="exports.def">
      <Filter>Source Files</Filter>
    </CustomBuild>
  </ItemGroup>
</Project>